{
  "lockfileVersion": 1,
  "configVersion": 1,
  "workspaces": {
    "": {
      "name": "sam-cli",
      "dependencies": {
        "@egoist/youtube-transcript-plus": "^1.1.2",
      },
    },
  },
  "packages": {
    "@egoist/youtube-transcript-plus": ["@egoist/youtube-transcript-plus@1.1.2", "", {}, "sha512-mM0PBNAiXUVj711LFjg2Pvtyy83eATTTbvF40sehcptz423RVXk3RBukRDcvhdgBQHwvGoWvEwQvd2oJ6oN4Iw=="],
  }
}
